
Microsoft Visual Studio Solution File, Format Version 12.00
# Visual Studio 14
VisualStudioVersion = 14.0.23107.0
MinimumVisualStudioVersion = 10.0.40219.1
Project("{2150E333-8FDC-42A3-9474-1A3956D46DE8}") = "1Data", "1Data", "{2B174B79-3E5D-4309-8DFD-F304D2C545F1}"
EndProject
Project("{2150E333-8FDC-42A3-9474-1A3956D46DE8}") = "2Core", "2Core", "{CBB1156D-4234-45A5-9776-F2DF500FB103}"
EndProject
Project("{2150E333-8FDC-42A3-9474-1A3956D46DE8}") = "3Services", "3Services", "{87BEB337-4E6C-447E-943B-AF9B142A95E6}"
EndProject
Project("{2150E333-8FDC-42A3-9474-1A3956D46DE8}") = "4Presentation", "4Presentation", "{192F7BC5-20BE-4E74-9DAD-ED6E714BA6DF}"
EndProject
Project("{2150E333-8FDC-42A3-9474-1A3956D46DE8}") = "5Website", "5Website", "{64277DFC-E51F-408C-864D-681355BADE0B}"
EndProject
Project("{8BB2217D-0F2D-49D1-97BC-3654ED321F3B}") = "FormsPlatform.Website", "5Website\FormsPlatform.Website\FormsPlatform.Website.xproj", "{B3291CB2-5DE3-4DD1-82AB-59D7E1ECD51A}"
EndProject
Project("{8BB2217D-0F2D-49D1-97BC-3654ED321F3B}") = "FormsPlatform.DomainModels", "1Data\FormsPlatform.DomainModels\FormsPlatform.DomainModels.xproj", "{8ACC1906-8729-4884-BAD3-4AA5E7E07B06}"
EndProject
Project("{8BB2217D-0F2D-49D1-97BC-3654ED321F3B}") = "FormsPlatform.Contracts", "2Core\FormsPlatform.Contracts\FormsPlatform.Contracts.xproj", "{D76B36D9-9782-420A-9DF2-54657A098E88}"
EndProject
Project("{8BB2217D-0F2D-49D1-97BC-3654ED321F3B}") = "FormsPlatform.BuilderProviders", "3Services\FormsPlatform.BuilderProviders\FormsPlatform.BuilderProviders.xproj", "{2BBD1B17-092D-4293-815E-F8BB90D0B9F1}"
EndProject
Project("{8BB2217D-0F2D-49D1-97BC-3654ED321F3B}") = "FormsPlatform.DecisionProviders", "3Services\FormsPlatform.DecisionProviders\FormsPlatform.DecisionProviders.xproj", "{0BE1CD2D-1729-4DC9-B755-D0FEB141359B}"
EndProject
Project("{8BB2217D-0F2D-49D1-97BC-3654ED321F3B}") = "FormsPlatform.SessionProviders", "3Services\FormsPlatform.SessionProviders\FormsPlatform.SessionProviders.xproj", "{76A2B5E5-86E9-43E2-B0B1-123E80856518}"
EndProject
Project("{8BB2217D-0F2D-49D1-97BC-3654ED321F3B}") = "FormsPlatform.StoreProviders", "3Services\FormsPlatform.StoreProviders\FormsPlatform.StoreProviders.xproj", "{1E371C05-5C7C-436D-8683-DE5C8C31210A}"
EndProject
Global
	GlobalSection(SolutionConfigurationPlatforms) = preSolution
		Debug|Any CPU = Debug|Any CPU
		Release|Any CPU = Release|Any CPU
	EndGlobalSection
	GlobalSection(ProjectConfigurationPlatforms) = postSolution
		{B3291CB2-5DE3-4DD1-82AB-59D7E1ECD51A}.Debug|Any CPU.ActiveCfg = Debug|Any CPU
		{B3291CB2-5DE3-4DD1-82AB-59D7E1ECD51A}.Debug|Any CPU.Build.0 = Debug|Any CPU
		{B3291CB2-5DE3-4DD1-82AB-59D7E1ECD51A}.Release|Any CPU.ActiveCfg = Release|Any CPU
		{B3291CB2-5DE3-4DD1-82AB-59D7E1ECD51A}.Release|Any CPU.Build.0 = Release|Any CPU
		{8ACC1906-8729-4884-BAD3-4AA5E7E07B06}.Debug|Any CPU.ActiveCfg = Debug|Any CPU
		{8ACC1906-8729-4884-BAD3-4AA5E7E07B06}.Debug|Any CPU.Build.0 = Debug|Any CPU
		{8ACC1906-8729-4884-BAD3-4AA5E7E07B06}.Release|Any CPU.ActiveCfg = Release|Any CPU
		{8ACC1906-8729-4884-BAD3-4AA5E7E07B06}.Release|Any CPU.Build.0 = Release|Any CPU
		{D76B36D9-9782-420A-9DF2-54657A098E88}.Debug|Any CPU.ActiveCfg = Debug|Any CPU
		{D76B36D9-9782-420A-9DF2-54657A098E88}.Debug|Any CPU.Build.0 = Debug|Any CPU
		{D76B36D9-9782-420A-9DF2-54657A098E88}.Release|Any CPU.ActiveCfg = Release|Any CPU
		{D76B36D9-9782-420A-9DF2-54657A098E88}.Release|Any CPU.Build.0 = Release|Any CPU
		{2BBD1B17-092D-4293-815E-F8BB90D0B9F1}.Debug|Any CPU.ActiveCfg = Debug|Any CPU
		{2BBD1B17-092D-4293-815E-F8BB90D0B9F1}.Debug|Any CPU.Build.0 = Debug|Any CPU
		{2BBD1B17-092D-4293-815E-F8BB90D0B9F1}.Release|Any CPU.ActiveCfg = Release|Any CPU
		{2BBD1B17-092D-4293-815E-F8BB90D0B9F1}.Release|Any CPU.Build.0 = Release|Any CPU
		{0BE1CD2D-1729-4DC9-B755-D0FEB141359B}.Debug|Any CPU.ActiveCfg = Debug|Any CPU
		{0BE1CD2D-1729-4DC9-B755-D0FEB141359B}.Debug|Any CPU.Build.0 = Debug|Any CPU
		{0BE1CD2D-1729-4DC9-B755-D0FEB141359B}.Release|Any CPU.ActiveCfg = Release|Any CPU
		{0BE1CD2D-1729-4DC9-B755-D0FEB141359B}.Release|Any CPU.Build.0 = Release|Any CPU
		{76A2B5E5-86E9-43E2-B0B1-123E80856518}.Debug|Any CPU.ActiveCfg = Debug|Any CPU
		{76A2B5E5-86E9-43E2-B0B1-123E80856518}.Debug|Any CPU.Build.0 = Debug|Any CPU
		{76A2B5E5-86E9-43E2-B0B1-123E80856518}.Release|Any CPU.ActiveCfg = Release|Any CPU
		{76A2B5E5-86E9-43E2-B0B1-123E80856518}.Release|Any CPU.Build.0 = Release|Any CPU
		{1E371C05-5C7C-436D-8683-DE5C8C31210A}.Debug|Any CPU.ActiveCfg = Debug|Any CPU
		{1E371C05-5C7C-436D-8683-DE5C8C31210A}.Debug|Any CPU.Build.0 = Debug|Any CPU
		{1E371C05-5C7C-436D-8683-DE5C8C31210A}.Release|Any CPU.ActiveCfg = Release|Any CPU
		{1E371C05-5C7C-436D-8683-DE5C8C31210A}.Release|Any CPU.Build.0 = Release|Any CPU
	EndGlobalSection
	GlobalSection(SolutionProperties) = preSolution
		HideSolutionNode = FALSE
	EndGlobalSection
	GlobalSection(NestedProjects) = preSolution
		{B3291CB2-5DE3-4DD1-82AB-59D7E1ECD51A} = {64277DFC-E51F-408C-864D-681355BADE0B}
		{8ACC1906-8729-4884-BAD3-4AA5E7E07B06} = {2B174B79-3E5D-4309-8DFD-F304D2C545F1}
		{D76B36D9-9782-420A-9DF2-54657A098E88} = {CBB1156D-4234-45A5-9776-F2DF500FB103}
		{2BBD1B17-092D-4293-815E-F8BB90D0B9F1} = {87BEB337-4E6C-447E-943B-AF9B142A95E6}
		{0BE1CD2D-1729-4DC9-B755-D0FEB141359B} = {87BEB337-4E6C-447E-943B-AF9B142A95E6}
		{76A2B5E5-86E9-43E2-B0B1-123E80856518} = {87BEB337-4E6C-447E-943B-AF9B142A95E6}
		{1E371C05-5C7C-436D-8683-DE5C8C31210A} = {87BEB337-4E6C-447E-943B-AF9B142A95E6}
	EndGlobalSection
EndGlobal
